
Microsoft Visual Studio Solution File, Format Version 12.00
# Visual Studio Version 17
VisualStudioVersion = 17.4.33213.308
MinimumVisualStudioVersion = 10.0.40219.1
Project("{FAE04EC0-301F-11D3-BF4B-00C04F79EFBC}") = "BinaryPatternList", "BinaryPatternList\BinaryPatternList.csproj", "{21893B84-8686-4A83-AEB9-35843B157B5B}"
EndProject
Global
	GlobalSection(SolutionConfigurationPlatforms) = preSolution
		Debug|Any CPU = Debug|Any CPU
		Release|Any CPU = Release|Any CPU
	EndGlobalSection
	GlobalSection(ProjectConfigurationPlatforms) = postSolution
		{21893B84-8686-4A83-AEB9-35843B157B5B}.Debug|Any CPU.ActiveCfg = Debug|Any CPU
		{21893B84-8686-4A83-AEB9-35843B157B5B}.Debug|Any CPU.Build.0 = Debug|Any CPU
		{21893B84-8686-4A83-AEB9-35843B157B5B}.Release|Any CPU.ActiveCfg = Release|Any CPU
		{21893B84-8686-4A83-AEB9-35843B157B5B}.Release|Any CPU.Build.0 = Release|Any CPU
	EndGlobalSection
	GlobalSection(SolutionProperties) = preSolution
		HideSolutionNode = FALSE
	EndGlobalSection
	GlobalSection(ExtensibilityGlobals) = postSolution
		SolutionGuid = {BB4814C0-9474-4713-B957-A7725A8E97B6}
	EndGlobalSection
EndGlobal
